
Microsoft Visual Studio Solution File, Format Version 12.00
# Visual Studio Version 16
VisualStudioVersion = 16.0.32228.343
MinimumVisualStudioVersion = 10.0.40219.1
Project("{FAE04EC0-301F-11D3-BF4B-00C04F79EFBC}") = "Calculator-62010634", "Calculator-62010634.csproj", "{62B098BF-952C-4DD6-83D3-4931CA2866C5}"
EndProject
Global
	GlobalSection(SolutionConfigurationPlatforms) = preSolution
		Debug|Any CPU = Debug|Any CPU
		Release|Any CPU = Release|Any CPU
	EndGlobalSection
	GlobalSection(ProjectConfigurationPlatforms) = postSolution
		{62B098BF-952C-4DD6-83D3-4931CA2866C5}.Debug|Any CPU.ActiveCfg = Debug|Any CPU
		{62B098BF-952C-4DD6-83D3-4931CA2866C5}.Debug|Any CPU.Build.0 = Debug|Any CPU
		{62B098BF-952C-4DD6-83D3-4931CA2866C5}.Release|Any CPU.ActiveCfg = Release|Any CPU
		{62B098BF-952C-4DD6-83D3-4931CA2866C5}.Release|Any CPU.Build.0 = Release|Any CPU
	EndGlobalSection
	GlobalSection(SolutionProperties) = preSolution
		HideSolutionNode = FALSE
	EndGlobalSection
	GlobalSection(ExtensibilityGlobals) = postSolution
		SolutionGuid = {E4563BC4-DB4E-4EC8-BB23-E7D54F7060EE}
	EndGlobalSection
EndGlobal
